
Microsoft Visual Studio Solution File, Format Version 12.00
# Visual Studio Version 16
VisualStudioVersion = 16.0.29215.179
MinimumVisualStudioVersion = 10.0.40219.1
Project("{FAE04EC0-301F-11D3-BF4B-00C04F79EFBC}") = "DERMSCommon", "DERMSCommon\DERMSCommon.csproj", "{776EB305-B428-4D01-B4A7-0B05FA59F9B9}"
EndProject
Project("{2150E333-8FDC-42A3-9474-1A3956D46DE8}") = "UI", "UI", "{644B86B0-3CBF-46E8-813F-A5E82FFB0F8C}"
EndProject
Project("{2150E333-8FDC-42A3-9474-1A3956D46DE8}") = "SCADA", "SCADA", "{36915426-2A81-49B5-B4C7-535C44CC0818}"
	ProjectSection(SolutionItems) = preProject
		SCADA\dCom\3rdPartyLibs\Modbus.dll = SCADA\dCom\3rdPartyLibs\Modbus.dll
	EndProjectSection
EndProject
Project("{2150E333-8FDC-42A3-9474-1A3956D46DE8}") = "CalculationEngine", "CalculationEngine", "{C8F3259D-90B4-4615-A322-406A63C71740}"
EndProject
Project("{2150E333-8FDC-42A3-9474-1A3956D46DE8}") = "TransactionCoordinator", "TransactionCoordinator", "{7D1E1C43-AFAF-4578-B19A-DCCBB5CC1984}"
EndProject
Project("{2150E333-8FDC-42A3-9474-1A3956D46DE8}") = "NMS", "NMS", "{0A93A46E-5642-4C9B-B83C-1875DF8F6C7D}"
EndProject
Project("{2150E333-8FDC-42A3-9474-1A3956D46DE8}") = "Common", "Common", "{32200DDB-1C3A-42C7-8478-D50B8464C821}"
EndProject
Project("{FAE04EC0-301F-11D3-BF4B-00C04F79EFBC}") = "Common", "DermsUI\Common\Common.csproj", "{892CBE15-9ED7-4540-81FA-0EAABA592138}"
EndProject
Project("{FAE04EC0-301F-11D3-BF4B-00C04F79EFBC}") = "NetworkModelGDAContract", "DermsUI\NetworkModelGDAContract\NetworkModelGDAContract.csproj", "{9798F72E-E42D-4B8E-A5C6-6DA9C41DE1DE}"
EndProject
Project("{2150E333-8FDC-42A3-9474-1A3956D46DE8}") = "NMSCommon", "NMSCommon", "{2FD261AF-71F4-4214-B563-5B311609D6AB}"
EndProject
Project("{FAE04EC0-301F-11D3-BF4B-00C04F79EFBC}") = "CIMAdapter", "DermsUI\CIMAdapter\CIMAdapter.csproj", "{F680D34F-C148-4314-8914-B2DF3E7B17AF}"
EndProject
Project("{FAE04EC0-301F-11D3-BF4B-00C04F79EFBC}") = "CIMParser", "DermsUI\CIMParser\CIMParser.csproj", "{3C03A41C-BE4C-40A8-97D5-5DBAC0C34102}"
EndProject
Project("{FAE04EC0-301F-11D3-BF4B-00C04F79EFBC}") = "CIMProfileCreator", "DermsUI\CIMProfileCreator\CIMProfileCreator.csproj", "{D71CAE36-D5C0-4AA0-AB0B-C10449E4E109}"
EndProject
Project("{FAE04EC0-301F-11D3-BF4B-00C04F79EFBC}") = "DermsUI", "DermsUI\DermsUI\DermsUI.csproj", "{39DC0591-4161-4EEE-B200-39A02EBCBCC2}"
EndProject
Project("{FAE04EC0-301F-11D3-BF4B-00C04F79EFBC}") = "CalculationEngine", "CalculationEngine\CalculationEngine\CalculationEngine.csproj", "{1D4AE782-17D3-4853-AAC4-D628DD70229B}"
EndProject
Project("{FAE04EC0-301F-11D3-BF4B-00C04F79EFBC}") = "CalculationEngineService", "CalculationEngine\CalculationEngineServerSide\CalculationEngineService.csproj", "{1802B261-9FD6-4CD7-80D8-25F0C588A9B7}"
EndProject
Project("{FAE04EC0-301F-11D3-BF4B-00C04F79EFBC}") = "CalculationEngineServiceCommon", "CalculationEngine\CalculationEngineServiceCommon\CalculationEngineServiceCommon.csproj", "{C6A1D90E-C842-4B98-958B-C3267664D121}"
EndProject
Project("{FAE04EC0-301F-11D3-BF4B-00C04F79EFBC}") = "Common", "SCADA\dCom\Common\Common.csproj", "{823D1355-EFD0-481C-A0D9-FDA0C4EA37DF}"
EndProject
Project("{FAE04EC0-301F-11D3-BF4B-00C04F79EFBC}") = "dCom", "SCADA\dCom\dCom\dCom.csproj", "{B5697AB8-53AC-4230-9B79-E43A6AA54436}"
EndProject
Project("{FAE04EC0-301F-11D3-BF4B-00C04F79EFBC}") = "ProcessingModule", "SCADA\dCom\ProcessingModule\ProcessingModule.csproj", "{A61FACB3-147E-4FD9-88C1-A3F226157C23}"
EndProject
Project("{FAE04EC0-301F-11D3-BF4B-00C04F79EFBC}") = "WeatherForecast", "WeatherForecast\WeatherForecast.csproj", "{7CD8706F-8BD8-497C-93A4-EB072FA58EB5}"
EndProject
Project("{FAE04EC0-301F-11D3-BF4B-00C04F79EFBC}") = "DataModel", "ModelLabs\NetworkModelService\DataModel\DataModel.csproj", "{ADE96497-7C11-40B6-AE82-57F956C9F104}"
EndProject
Project("{FAE04EC0-301F-11D3-BF4B-00C04F79EFBC}") = "NetworkModelServiceSelfHost", "ModelLabs\NetworkModelService\ServiceHost\NetworkModelServiceSelfHost\NetworkModelServiceSelfHost.csproj", "{E112FFCC-BD88-4056-99E1-0991A0E82588}"
EndProject
Project("{FAE04EC0-301F-11D3-BF4B-00C04F79EFBC}") = "NetworkModelService", "ModelLabs\NetworkModelService\NetworkModelService.csproj", "{2630D180-1B68-4E84-AEAC-42EE8C88B50F}"
EndProject
Project("{FAE04EC0-301F-11D3-BF4B-00C04F79EFBC}") = "NMSTestClient", "ModelLabs\NetworkModelService\Test\NMSTestClient\NMSTestClient.csproj", "{32EE9373-A350-42AC-972B-41B2EDABA082}"
EndProject
Project("{FAE04EC0-301F-11D3-BF4B-00C04F79EFBC}") = "ModelLabsApp", "ModelLabs\ModelLabsApp\ModelLabsApp.csproj", "{3DD11384-2CC1-4EE9-9F4A-02B6FE8759C0}"
EndProject
Global
	GlobalSection(SolutionConfigurationPlatforms) = preSolution
		Debug|Any CPU = Debug|Any CPU
		Debug|x64 = Debug|x64
		Debug|x86 = Debug|x86
		Release|Any CPU = Release|Any CPU
		Release|x64 = Release|x64
		Release|x86 = Release|x86
	EndGlobalSection
	GlobalSection(ProjectConfigurationPlatforms) = postSolution
		{776EB305-B428-4D01-B4A7-0B05FA59F9B9}.Debug|Any CPU.ActiveCfg = Debug|Any CPU
		{776EB305-B428-4D01-B4A7-0B05FA59F9B9}.Debug|Any CPU.Build.0 = Debug|Any CPU
		{776EB305-B428-4D01-B4A7-0B05FA59F9B9}.Debug|x64.ActiveCfg = Debug|Any CPU
		{776EB305-B428-4D01-B4A7-0B05FA59F9B9}.Debug|x64.Build.0 = Debug|Any CPU
		{776EB305-B428-4D01-B4A7-0B05FA59F9B9}.Debug|x86.ActiveCfg = Debug|Any CPU
		{776EB305-B428-4D01-B4A7-0B05FA59F9B9}.Debug|x86.Build.0 = Debug|Any CPU
		{776EB305-B428-4D01-B4A7-0B05FA59F9B9}.Release|Any CPU.ActiveCfg = Release|Any CPU
		{776EB305-B428-4D01-B4A7-0B05FA59F9B9}.Release|Any CPU.Build.0 = Release|Any CPU
		{776EB305-B428-4D01-B4A7-0B05FA59F9B9}.Release|x64.ActiveCfg = Release|Any CPU
		{776EB305-B428-4D01-B4A7-0B05FA59F9B9}.Release|x64.Build.0 = Release|Any CPU
		{776EB305-B428-4D01-B4A7-0B05FA59F9B9}.Release|x86.ActiveCfg = Release|Any CPU
		{776EB305-B428-4D01-B4A7-0B05FA59F9B9}.Release|x86.Build.0 = Release|Any CPU
		{892CBE15-9ED7-4540-81FA-0EAABA592138}.Debug|Any CPU.ActiveCfg = Debug|x86
		{892CBE15-9ED7-4540-81FA-0EAABA592138}.Debug|Any CPU.Build.0 = Debug|x86
		{892CBE15-9ED7-4540-81FA-0EAABA592138}.Debug|x64.ActiveCfg = Debug|x64
		{892CBE15-9ED7-4540-81FA-0EAABA592138}.Debug|x64.Build.0 = Debug|x64
		{892CBE15-9ED7-4540-81FA-0EAABA592138}.Debug|x86.ActiveCfg = Debug|x86
		{892CBE15-9ED7-4540-81FA-0EAABA592138}.Debug|x86.Build.0 = Debug|x86
		{892CBE15-9ED7-4540-81FA-0EAABA592138}.Release|Any CPU.ActiveCfg = Release|x86
		{892CBE15-9ED7-4540-81FA-0EAABA592138}.Release|x64.ActiveCfg = Release|x64
		{892CBE15-9ED7-4540-81FA-0EAABA592138}.Release|x64.Build.0 = Release|x64
		{892CBE15-9ED7-4540-81FA-0EAABA592138}.Release|x86.ActiveCfg = Release|x86
		{892CBE15-9ED7-4540-81FA-0EAABA592138}.Release|x86.Build.0 = Release|x86
		{9798F72E-E42D-4B8E-A5C6-6DA9C41DE1DE}.Debug|Any CPU.ActiveCfg = Debug|Any CPU
		{9798F72E-E42D-4B8E-A5C6-6DA9C41DE1DE}.Debug|Any CPU.Build.0 = Debug|Any CPU
		{9798F72E-E42D-4B8E-A5C6-6DA9C41DE1DE}.Debug|x64.ActiveCfg = Debug|Any CPU
		{9798F72E-E42D-4B8E-A5C6-6DA9C41DE1DE}.Debug|x64.Build.0 = Debug|Any CPU
		{9798F72E-E42D-4B8E-A5C6-6DA9C41DE1DE}.Debug|x86.ActiveCfg = Debug|Any CPU
		{9798F72E-E42D-4B8E-A5C6-6DA9C41DE1DE}.Debug|x86.Build.0 = Debug|Any CPU
		{9798F72E-E42D-4B8E-A5C6-6DA9C41DE1DE}.Release|Any CPU.ActiveCfg = Release|Any CPU
		{9798F72E-E42D-4B8E-A5C6-6DA9C41DE1DE}.Release|Any CPU.Build.0 = Release|Any CPU
		{9798F72E-E42D-4B8E-A5C6-6DA9C41DE1DE}.Release|x64.ActiveCfg = Release|Any CPU
		{9798F72E-E42D-4B8E-A5C6-6DA9C41DE1DE}.Release|x64.Build.0 = Release|Any CPU
		{9798F72E-E42D-4B8E-A5C6-6DA9C41DE1DE}.Release|x86.ActiveCfg = Release|Any CPU
		{9798F72E-E42D-4B8E-A5C6-6DA9C41DE1DE}.Release|x86.Build.0 = Release|Any CPU
		{F680D34F-C148-4314-8914-B2DF3E7B17AF}.Debug|Any CPU.ActiveCfg = Debug|x86
		{F680D34F-C148-4314-8914-B2DF3E7B17AF}.Debug|Any CPU.Build.0 = Debug|x86
		{F680D34F-C148-4314-8914-B2DF3E7B17AF}.Debug|x64.ActiveCfg = Debug|x64
		{F680D34F-C148-4314-8914-B2DF3E7B17AF}.Debug|x64.Build.0 = Debug|x64
		{F680D34F-C148-4314-8914-B2DF3E7B17AF}.Debug|x86.ActiveCfg = Debug|x86
		{F680D34F-C148-4314-8914-B2DF3E7B17AF}.Debug|x86.Build.0 = Debug|x86
		{F680D34F-C148-4314-8914-B2DF3E7B17AF}.Release|Any CPU.ActiveCfg = Release|x86
		{F680D34F-C148-4314-8914-B2DF3E7B17AF}.Release|x64.ActiveCfg = Release|x64
		{F680D34F-C148-4314-8914-B2DF3E7B17AF}.Release|x64.Build.0 = Release|x64
		{F680D34F-C148-4314-8914-B2DF3E7B17AF}.Release|x86.ActiveCfg = Release|x86
		{F680D34F-C148-4314-8914-B2DF3E7B17AF}.Release|x86.Build.0 = Release|x86
		{3C03A41C-BE4C-40A8-97D5-5DBAC0C34102}.Debug|Any CPU.ActiveCfg = Debug|x86
		{3C03A41C-BE4C-40A8-97D5-5DBAC0C34102}.Debug|Any CPU.Build.0 = Debug|x86
		{3C03A41C-BE4C-40A8-97D5-5DBAC0C34102}.Debug|x64.ActiveCfg = Debug|x64
		{3C03A41C-BE4C-40A8-97D5-5DBAC0C34102}.Debug|x64.Build.0 = Debug|x64
		{3C03A41C-BE4C-40A8-97D5-5DBAC0C34102}.Debug|x86.ActiveCfg = Debug|x86
		{3C03A41C-BE4C-40A8-97D5-5DBAC0C34102}.Debug|x86.Build.0 = Debug|x86
		{3C03A41C-BE4C-40A8-97D5-5DBAC0C34102}.Release|Any CPU.ActiveCfg = Release|x86
		{3C03A41C-BE4C-40A8-97D5-5DBAC0C34102}.Release|x64.ActiveCfg = Release|x64
		{3C03A41C-BE4C-40A8-97D5-5DBAC0C34102}.Release|x64.Build.0 = Release|x64
		{3C03A41C-BE4C-40A8-97D5-5DBAC0C34102}.Release|x86.ActiveCfg = Release|x86
		{3C03A41C-BE4C-40A8-97D5-5DBAC0C34102}.Release|x86.Build.0 = Release|x86
		{D71CAE36-D5C0-4AA0-AB0B-C10449E4E109}.Debug|Any CPU.ActiveCfg = Debug|Any CPU
		{D71CAE36-D5C0-4AA0-AB0B-C10449E4E109}.Debug|Any CPU.Build.0 = Debug|Any CPU
		{D71CAE36-D5C0-4AA0-AB0B-C10449E4E109}.Debug|x64.ActiveCfg = Debug|Any CPU
		{D71CAE36-D5C0-4AA0-AB0B-C10449E4E109}.Debug|x64.Build.0 = Debug|Any CPU
		{D71CAE36-D5C0-4AA0-AB0B-C10449E4E109}.Debug|x86.ActiveCfg = Debug|Any CPU
		{D71CAE36-D5C0-4AA0-AB0B-C10449E4E109}.Debug|x86.Build.0 = Debug|Any CPU
		{D71CAE36-D5C0-4AA0-AB0B-C10449E4E109}.Release|Any CPU.ActiveCfg = Release|Any CPU
		{D71CAE36-D5C0-4AA0-AB0B-C10449E4E109}.Release|Any CPU.Build.0 = Release|Any CPU
		{D71CAE36-D5C0-4AA0-AB0B-C10449E4E109}.Release|x64.ActiveCfg = Release|Any CPU
		{D71CAE36-D5C0-4AA0-AB0B-C10449E4E109}.Release|x64.Build.0 = Release|Any CPU
		{D71CAE36-D5C0-4AA0-AB0B-C10449E4E109}.Release|x86.ActiveCfg = Release|Any CPU
		{D71CAE36-D5C0-4AA0-AB0B-C10449E4E109}.Release|x86.Build.0 = Release|Any CPU
		{39DC0591-4161-4EEE-B200-39A02EBCBCC2}.Debug|Any CPU.ActiveCfg = Debug|Any CPU
		{39DC0591-4161-4EEE-B200-39A02EBCBCC2}.Debug|Any CPU.Build.0 = Debug|Any CPU
		{39DC0591-4161-4EEE-B200-39A02EBCBCC2}.Debug|x64.ActiveCfg = Debug|Any CPU
		{39DC0591-4161-4EEE-B200-39A02EBCBCC2}.Debug|x64.Build.0 = Debug|Any CPU
		{39DC0591-4161-4EEE-B200-39A02EBCBCC2}.Debug|x86.ActiveCfg = Debug|Any CPU
		{39DC0591-4161-4EEE-B200-39A02EBCBCC2}.Debug|x86.Build.0 = Debug|Any CPU
		{39DC0591-4161-4EEE-B200-39A02EBCBCC2}.Release|Any CPU.ActiveCfg = Release|Any CPU
		{39DC0591-4161-4EEE-B200-39A02EBCBCC2}.Release|Any CPU.Build.0 = Release|Any CPU
		{39DC0591-4161-4EEE-B200-39A02EBCBCC2}.Release|x64.ActiveCfg = Release|Any CPU
		{39DC0591-4161-4EEE-B200-39A02EBCBCC2}.Release|x64.Build.0 = Release|Any CPU
		{39DC0591-4161-4EEE-B200-39A02EBCBCC2}.Release|x86.ActiveCfg = Release|Any CPU
		{39DC0591-4161-4EEE-B200-39A02EBCBCC2}.Release|x86.Build.0 = Release|Any CPU
		{1D4AE782-17D3-4853-AAC4-D628DD70229B}.Debug|Any CPU.ActiveCfg = Debug|Any CPU
		{1D4AE782-17D3-4853-AAC4-D628DD70229B}.Debug|Any CPU.Build.0 = Debug|Any CPU
		{1D4AE782-17D3-4853-AAC4-D628DD70229B}.Debug|x64.ActiveCfg = Debug|Any CPU
		{1D4AE782-17D3-4853-AAC4-D628DD70229B}.Debug|x64.Build.0 = Debug|Any CPU
		{1D4AE782-17D3-4853-AAC4-D628DD70229B}.Debug|x86.ActiveCfg = Debug|Any CPU
		{1D4AE782-17D3-4853-AAC4-D628DD70229B}.Debug|x86.Build.0 = Debug|Any CPU
		{1D4AE782-17D3-4853-AAC4-D628DD70229B}.Release|Any CPU.ActiveCfg = Release|Any CPU
		{1D4AE782-17D3-4853-AAC4-D628DD70229B}.Release|Any CPU.Build.0 = Release|Any CPU
		{1D4AE782-17D3-4853-AAC4-D628DD70229B}.Release|x64.ActiveCfg = Release|Any CPU
		{1D4AE782-17D3-4853-AAC4-D628DD70229B}.Release|x64.Build.0 = Release|Any CPU
		{1D4AE782-17D3-4853-AAC4-D628DD70229B}.Release|x86.ActiveCfg = Release|Any CPU
		{1D4AE782-17D3-4853-AAC4-D628DD70229B}.Release|x86.Build.0 = Release|Any CPU
		{1802B261-9FD6-4CD7-80D8-25F0C588A9B7}.Debug|Any CPU.ActiveCfg = Debug|Any CPU
		{1802B261-9FD6-4CD7-80D8-25F0C588A9B7}.Debug|Any CPU.Build.0 = Debug|Any CPU
		{1802B261-9FD6-4CD7-80D8-25F0C588A9B7}.Debug|x64.ActiveCfg = Debug|Any CPU
		{1802B261-9FD6-4CD7-80D8-25F0C588A9B7}.Debug|x64.Build.0 = Debug|Any CPU
		{1802B261-9FD6-4CD7-80D8-25F0C588A9B7}.Debug|x86.ActiveCfg = Debug|Any CPU
		{1802B261-9FD6-4CD7-80D8-25F0C588A9B7}.Debug|x86.Build.0 = Debug|Any CPU
		{1802B261-9FD6-4CD7-80D8-25F0C588A9B7}.Release|Any CPU.ActiveCfg = Release|Any CPU
		{1802B261-9FD6-4CD7-80D8-25F0C588A9B7}.Release|Any CPU.Build.0 = Release|Any CPU
		{1802B261-9FD6-4CD7-80D8-25F0C588A9B7}.Release|x64.ActiveCfg = Release|Any CPU
		{1802B261-9FD6-4CD7-80D8-25F0C588A9B7}.Release|x64.Build.0 = Release|Any CPU
		{1802B261-9FD6-4CD7-80D8-25F0C588A9B7}.Release|x86.ActiveCfg = Release|Any CPU
		{1802B261-9FD6-4CD7-80D8-25F0C588A9B7}.Release|x86.Build.0 = Release|Any CPU
		{C6A1D90E-C842-4B98-958B-C3267664D121}.Debug|Any CPU.ActiveCfg = Debug|Any CPU
		{C6A1D90E-C842-4B98-958B-C3267664D121}.Debug|Any CPU.Build.0 = Debug|Any CPU
		{C6A1D90E-C842-4B98-958B-C3267664D121}.Debug|x64.ActiveCfg = Debug|Any CPU
		{C6A1D90E-C842-4B98-958B-C3267664D121}.Debug|x64.Build.0 = Debug|Any CPU
		{C6A1D90E-C842-4B98-958B-C3267664D121}.Debug|x86.ActiveCfg = Debug|Any CPU
		{C6A1D90E-C842-4B98-958B-C3267664D121}.Debug|x86.Build.0 = Debug|Any CPU
		{C6A1D90E-C842-4B98-958B-C3267664D121}.Release|Any CPU.ActiveCfg = Release|Any CPU
		{C6A1D90E-C842-4B98-958B-C3267664D121}.Release|Any CPU.Build.0 = Release|Any CPU
		{C6A1D90E-C842-4B98-958B-C3267664D121}.Release|x64.ActiveCfg = Release|Any CPU
		{C6A1D90E-C842-4B98-958B-C3267664D121}.Release|x64.Build.0 = Release|Any CPU
		{C6A1D90E-C842-4B98-958B-C3267664D121}.Release|x86.ActiveCfg = Release|Any CPU
		{C6A1D90E-C842-4B98-958B-C3267664D121}.Release|x86.Build.0 = Release|Any CPU
		{823D1355-EFD0-481C-A0D9-FDA0C4EA37DF}.Debug|Any CPU.ActiveCfg = Debug|Any CPU
		{823D1355-EFD0-481C-A0D9-FDA0C4EA37DF}.Debug|Any CPU.Build.0 = Debug|Any CPU
		{823D1355-EFD0-481C-A0D9-FDA0C4EA37DF}.Debug|x64.ActiveCfg = Debug|Any CPU
		{823D1355-EFD0-481C-A0D9-FDA0C4EA37DF}.Debug|x64.Build.0 = Debug|Any CPU
		{823D1355-EFD0-481C-A0D9-FDA0C4EA37DF}.Debug|x86.ActiveCfg = Debug|Any CPU
		{823D1355-EFD0-481C-A0D9-FDA0C4EA37DF}.Debug|x86.Build.0 = Debug|Any CPU
		{823D1355-EFD0-481C-A0D9-FDA0C4EA37DF}.Release|Any CPU.ActiveCfg = Release|Any CPU
		{823D1355-EFD0-481C-A0D9-FDA0C4EA37DF}.Release|Any CPU.Build.0 = Release|Any CPU
		{823D1355-EFD0-481C-A0D9-FDA0C4EA37DF}.Release|x64.ActiveCfg = Release|Any CPU
		{823D1355-EFD0-481C-A0D9-FDA0C4EA37DF}.Release|x64.Build.0 = Release|Any CPU
		{823D1355-EFD0-481C-A0D9-FDA0C4EA37DF}.Release|x86.ActiveCfg = Release|Any CPU
		{823D1355-EFD0-481C-A0D9-FDA0C4EA37DF}.Release|x86.Build.0 = Release|Any CPU
		{B5697AB8-53AC-4230-9B79-E43A6AA54436}.Debug|Any CPU.ActiveCfg = Debug|Any CPU
		{B5697AB8-53AC-4230-9B79-E43A6AA54436}.Debug|Any CPU.Build.0 = Debug|Any CPU
		{B5697AB8-53AC-4230-9B79-E43A6AA54436}.Debug|x64.ActiveCfg = Debug|Any CPU
		{B5697AB8-53AC-4230-9B79-E43A6AA54436}.Debug|x64.Build.0 = Debug|Any CPU
		{B5697AB8-53AC-4230-9B79-E43A6AA54436}.Debug|x86.ActiveCfg = Debug|Any CPU
		{B5697AB8-53AC-4230-9B79-E43A6AA54436}.Debug|x86.Build.0 = Debug|Any CPU
		{B5697AB8-53AC-4230-9B79-E43A6AA54436}.Release|Any CPU.ActiveCfg = Release|Any CPU
		{B5697AB8-53AC-4230-9B79-E43A6AA54436}.Release|Any CPU.Build.0 = Release|Any CPU
		{B5697AB8-53AC-4230-9B79-E43A6AA54436}.Release|x64.ActiveCfg = Release|Any CPU
		{B5697AB8-53AC-4230-9B79-E43A6AA54436}.Release|x64.Build.0 = Release|Any CPU
		{B5697AB8-53AC-4230-9B79-E43A6AA54436}.Release|x86.ActiveCfg = Release|Any CPU
		{B5697AB8-53AC-4230-9B79-E43A6AA54436}.Release|x86.Build.0 = Release|Any CPU
		{A61FACB3-147E-4FD9-88C1-A3F226157C23}.Debug|Any CPU.ActiveCfg = Debug|Any CPU
		{A61FACB3-147E-4FD9-88C1-A3F226157C23}.Debug|Any CPU.Build.0 = Debug|Any CPU
		{A61FACB3-147E-4FD9-88C1-A3F226157C23}.Debug|x64.ActiveCfg = Debug|Any CPU
		{A61FACB3-147E-4FD9-88C1-A3F226157C23}.Debug|x64.Build.0 = Debug|Any CPU
		{A61FACB3-147E-4FD9-88C1-A3F226157C23}.Debug|x86.ActiveCfg = Debug|Any CPU
		{A61FACB3-147E-4FD9-88C1-A3F226157C23}.Debug|x86.Build.0 = Debug|Any CPU
		{A61FACB3-147E-4FD9-88C1-A3F226157C23}.Release|Any CPU.ActiveCfg = Release|Any CPU
		{A61FACB3-147E-4FD9-88C1-A3F226157C23}.Release|Any CPU.Build.0 = Release|Any CPU
		{A61FACB3-147E-4FD9-88C1-A3F226157C23}.Release|x64.ActiveCfg = Release|Any CPU
		{A61FACB3-147E-4FD9-88C1-A3F226157C23}.Release|x64.Build.0 = Release|Any CPU
		{A61FACB3-147E-4FD9-88C1-A3F226157C23}.Release|x86.ActiveCfg = Release|Any CPU
		{A61FACB3-147E-4FD9-88C1-A3F226157C23}.Release|x86.Build.0 = Release|Any CPU
		{7CD8706F-8BD8-497C-93A4-EB072FA58EB5}.Debug|Any CPU.ActiveCfg = Debug|Any CPU
		{7CD8706F-8BD8-497C-93A4-EB072FA58EB5}.Debug|Any CPU.Build.0 = Debug|Any CPU
		{7CD8706F-8BD8-497C-93A4-EB072FA58EB5}.Debug|x64.ActiveCfg = Debug|Any CPU
		{7CD8706F-8BD8-497C-93A4-EB072FA58EB5}.Debug|x64.Build.0 = Debug|Any CPU
		{7CD8706F-8BD8-497C-93A4-EB072FA58EB5}.Debug|x86.ActiveCfg = Debug|Any CPU
		{7CD8706F-8BD8-497C-93A4-EB072FA58EB5}.Debug|x86.Build.0 = Debug|Any CPU
		{7CD8706F-8BD8-497C-93A4-EB072FA58EB5}.Release|Any CPU.ActiveCfg = Release|Any CPU
		{7CD8706F-8BD8-497C-93A4-EB072FA58EB5}.Release|Any CPU.Build.0 = Release|Any CPU
		{7CD8706F-8BD8-497C-93A4-EB072FA58EB5}.Release|x64.ActiveCfg = Release|Any CPU
		{7CD8706F-8BD8-497C-93A4-EB072FA58EB5}.Release|x64.Build.0 = Release|Any CPU
		{7CD8706F-8BD8-497C-93A4-EB072FA58EB5}.Release|x86.ActiveCfg = Release|Any CPU
		{7CD8706F-8BD8-497C-93A4-EB072FA58EB5}.Release|x86.Build.0 = Release|Any CPU
		{ADE96497-7C11-40B6-AE82-57F956C9F104}.Debug|Any CPU.ActiveCfg = Debug|x86
		{ADE96497-7C11-40B6-AE82-57F956C9F104}.Debug|Any CPU.Build.0 = Debug|x86
		{ADE96497-7C11-40B6-AE82-57F956C9F104}.Debug|x64.ActiveCfg = Debug|x64
		{ADE96497-7C11-40B6-AE82-57F956C9F104}.Debug|x64.Build.0 = Debug|x64
		{ADE96497-7C11-40B6-AE82-57F956C9F104}.Debug|x86.ActiveCfg = Debug|x86
		{ADE96497-7C11-40B6-AE82-57F956C9F104}.Debug|x86.Build.0 = Debug|x86
		{ADE96497-7C11-40B6-AE82-57F956C9F104}.Release|Any CPU.ActiveCfg = Release|x86
		{ADE96497-7C11-40B6-AE82-57F956C9F104}.Release|x64.ActiveCfg = Release|x64
		{ADE96497-7C11-40B6-AE82-57F956C9F104}.Release|x64.Build.0 = Release|x64
		{ADE96497-7C11-40B6-AE82-57F956C9F104}.Release|x86.ActiveCfg = Release|x86
		{ADE96497-7C11-40B6-AE82-57F956C9F104}.Release|x86.Build.0 = Release|x86
		{E112FFCC-BD88-4056-99E1-0991A0E82588}.Debug|Any CPU.ActiveCfg = Debug|x86
		{E112FFCC-BD88-4056-99E1-0991A0E82588}.Debug|Any CPU.Build.0 = Debug|x86
		{E112FFCC-BD88-4056-99E1-0991A0E82588}.Debug|x64.ActiveCfg = Debug|x64
		{E112FFCC-BD88-4056-99E1-0991A0E82588}.Debug|x64.Build.0 = Debug|x64
		{E112FFCC-BD88-4056-99E1-0991A0E82588}.Debug|x86.ActiveCfg = Debug|x86
		{E112FFCC-BD88-4056-99E1-0991A0E82588}.Debug|x86.Build.0 = Debug|x86
		{E112FFCC-BD88-4056-99E1-0991A0E82588}.Release|Any CPU.ActiveCfg = Release|x86
		{E112FFCC-BD88-4056-99E1-0991A0E82588}.Release|x64.ActiveCfg = Release|x64
		{E112FFCC-BD88-4056-99E1-0991A0E82588}.Release|x64.Build.0 = Release|x64
		{E112FFCC-BD88-4056-99E1-0991A0E82588}.Release|x86.ActiveCfg = Release|x86
		{E112FFCC-BD88-4056-99E1-0991A0E82588}.Release|x86.Build.0 = Release|x86
		{2630D180-1B68-4E84-AEAC-42EE8C88B50F}.Debug|Any CPU.ActiveCfg = Debug|x86
		{2630D180-1B68-4E84-AEAC-42EE8C88B50F}.Debug|Any CPU.Build.0 = Debug|x86
		{2630D180-1B68-4E84-AEAC-42EE8C88B50F}.Debug|x64.ActiveCfg = Debug|x64
		{2630D180-1B68-4E84-AEAC-42EE8C88B50F}.Debug|x64.Build.0 = Debug|x64
		{2630D180-1B68-4E84-AEAC-42EE8C88B50F}.Debug|x86.ActiveCfg = Debug|x86
		{2630D180-1B68-4E84-AEAC-42EE8C88B50F}.Debug|x86.Build.0 = Debug|x86
		{2630D180-1B68-4E84-AEAC-42EE8C88B50F}.Release|Any CPU.ActiveCfg = Release|x86
		{2630D180-1B68-4E84-AEAC-42EE8C88B50F}.Release|x64.ActiveCfg = Release|x64
		{2630D180-1B68-4E84-AEAC-42EE8C88B50F}.Release|x64.Build.0 = Release|x64
		{2630D180-1B68-4E84-AEAC-42EE8C88B50F}.Release|x86.ActiveCfg = Release|x86
		{2630D180-1B68-4E84-AEAC-42EE8C88B50F}.Release|x86.Build.0 = Release|x86
		{32EE9373-A350-42AC-972B-41B2EDABA082}.Debug|Any CPU.ActiveCfg = Debug|x86
		{32EE9373-A350-42AC-972B-41B2EDABA082}.Debug|x64.ActiveCfg = Debug|x64
		{32EE9373-A350-42AC-972B-41B2EDABA082}.Debug|x64.Build.0 = Debug|x64
		{32EE9373-A350-42AC-972B-41B2EDABA082}.Debug|x86.ActiveCfg = Debug|x86
		{32EE9373-A350-42AC-972B-41B2EDABA082}.Debug|x86.Build.0 = Debug|x86
		{32EE9373-A350-42AC-972B-41B2EDABA082}.Release|Any CPU.ActiveCfg = Release|x86
		{32EE9373-A350-42AC-972B-41B2EDABA082}.Release|x64.ActiveCfg = Release|x64
		{32EE9373-A350-42AC-972B-41B2EDABA082}.Release|x64.Build.0 = Release|x64
		{32EE9373-A350-42AC-972B-41B2EDABA082}.Release|x86.ActiveCfg = Release|x86
		{32EE9373-A350-42AC-972B-41B2EDABA082}.Release|x86.Build.0 = Release|x86
		{3DD11384-2CC1-4EE9-9F4A-02B6FE8759C0}.Debug|Any CPU.ActiveCfg = Debug|x86
		{3DD11384-2CC1-4EE9-9F4A-02B6FE8759C0}.Debug|x64.ActiveCfg = Debug|x64
		{3DD11384-2CC1-4EE9-9F4A-02B6FE8759C0}.Debug|x64.Build.0 = Debug|x64
		{3DD11384-2CC1-4EE9-9F4A-02B6FE8759C0}.Debug|x86.ActiveCfg = Debug|x86
		{3DD11384-2CC1-4EE9-9F4A-02B6FE8759C0}.Debug|x86.Build.0 = Debug|x86
		{3DD11384-2CC1-4EE9-9F4A-02B6FE8759C0}.Release|Any CPU.ActiveCfg = Release|x86
		{3DD11384-2CC1-4EE9-9F4A-02B6FE8759C0}.Release|x64.ActiveCfg = Release|x64
		{3DD11384-2CC1-4EE9-9F4A-02B6FE8759C0}.Release|x64.Build.0 = Release|x64
		{3DD11384-2CC1-4EE9-9F4A-02B6FE8759C0}.Release|x86.ActiveCfg = Release|x86
		{3DD11384-2CC1-4EE9-9F4A-02B6FE8759C0}.Release|x86.Build.0 = Release|x86
	EndGlobalSection
	GlobalSection(SolutionProperties) = preSolution
		HideSolutionNode = FALSE
	EndGlobalSection
	GlobalSection(NestedProjects) = preSolution
		{776EB305-B428-4D01-B4A7-0B05FA59F9B9} = {32200DDB-1C3A-42C7-8478-D50B8464C821}
		{892CBE15-9ED7-4540-81FA-0EAABA592138} = {2FD261AF-71F4-4214-B563-5B311609D6AB}
		{9798F72E-E42D-4B8E-A5C6-6DA9C41DE1DE} = {2FD261AF-71F4-4214-B563-5B311609D6AB}
		{2FD261AF-71F4-4214-B563-5B311609D6AB} = {32200DDB-1C3A-42C7-8478-D50B8464C821}
		{F680D34F-C148-4314-8914-B2DF3E7B17AF} = {2FD261AF-71F4-4214-B563-5B311609D6AB}
		{3C03A41C-BE4C-40A8-97D5-5DBAC0C34102} = {2FD261AF-71F4-4214-B563-5B311609D6AB}
		{D71CAE36-D5C0-4AA0-AB0B-C10449E4E109} = {2FD261AF-71F4-4214-B563-5B311609D6AB}
		{39DC0591-4161-4EEE-B200-39A02EBCBCC2} = {644B86B0-3CBF-46E8-813F-A5E82FFB0F8C}
		{1D4AE782-17D3-4853-AAC4-D628DD70229B} = {C8F3259D-90B4-4615-A322-406A63C71740}
		{1802B261-9FD6-4CD7-80D8-25F0C588A9B7} = {C8F3259D-90B4-4615-A322-406A63C71740}
		{C6A1D90E-C842-4B98-958B-C3267664D121} = {32200DDB-1C3A-42C7-8478-D50B8464C821}
		{823D1355-EFD0-481C-A0D9-FDA0C4EA37DF} = {36915426-2A81-49B5-B4C7-535C44CC0818}
		{B5697AB8-53AC-4230-9B79-E43A6AA54436} = {36915426-2A81-49B5-B4C7-535C44CC0818}
		{A61FACB3-147E-4FD9-88C1-A3F226157C23} = {36915426-2A81-49B5-B4C7-535C44CC0818}
		{7CD8706F-8BD8-497C-93A4-EB072FA58EB5} = {C8F3259D-90B4-4615-A322-406A63C71740}
		{ADE96497-7C11-40B6-AE82-57F956C9F104} = {0A93A46E-5642-4C9B-B83C-1875DF8F6C7D}
		{E112FFCC-BD88-4056-99E1-0991A0E82588} = {0A93A46E-5642-4C9B-B83C-1875DF8F6C7D}
		{2630D180-1B68-4E84-AEAC-42EE8C88B50F} = {0A93A46E-5642-4C9B-B83C-1875DF8F6C7D}
		{32EE9373-A350-42AC-972B-41B2EDABA082} = {0A93A46E-5642-4C9B-B83C-1875DF8F6C7D}
		{3DD11384-2CC1-4EE9-9F4A-02B6FE8759C0} = {0A93A46E-5642-4C9B-B83C-1875DF8F6C7D}
	EndGlobalSection
	GlobalSection(ExtensibilityGlobals) = postSolution
		SolutionGuid = {70D97632-0A88-41FF-AF78-F7BA9B72BCDE}
	EndGlobalSection
EndGlobal
